{
  "name": "origami",
  "version": "0.0.0",
  "lockfileVersion": 1,
  "requires": true,
  "dependencies": {
    "rabbit-ear": {
      "version": "0.1.91",
      "resolved": "https://registry.npmjs.org/rabbit-ear/-/rabbit-ear-0.1.91.tgz",
      "integrity": "sha512-1VOSFwNC1jokVBEsup304G5Qo1l4vt0ONkrQJ9ZSBRAWRD/WHc/TtqTbopbx/SAu/vHfiCJygfRiXvr9EQOBKg==",
      "requires": {
        "xmldom": "^0.1.27"
      }
    },
    "xmldom": {
      "version": "0.1.31",
      "resolved": "https://registry.npmjs.org/xmldom/-/xmldom-0.1.31.tgz",
      "integrity": "sha512-yS2uJflVQs6n+CyjHoaBmVSqIDevTAWrzMmjG1Gc7h1qQ7uVozNhEPJAwZXWyGQ/Gafo3fCwrcaokezLPupVyQ=="
    }
  }
}
